
Microsoft Visual Studio Solution File, Format Version 12.00
# Visual Studio Version 17
VisualStudioVersion = 17.2.32616.157
MinimumVisualStudioVersion = 10.0.40219.1
Project("{FAE04EC0-301F-11D3-BF4B-00C04F79EFBC}") = "ExternalSignIn", "ExternalSignIn\ExternalSignIn.csproj", "{AD79E1DE-2505-4609-982D-92F724493B43}"
EndProject
Global
	GlobalSection(SolutionConfigurationPlatforms) = preSolution
		Debug|Any CPU = Debug|Any CPU
		Release|Any CPU = Release|Any CPU
	EndGlobalSection
	GlobalSection(ProjectConfigurationPlatforms) = postSolution
		{AD79E1DE-2505-4609-982D-92F724493B43}.Debug|Any CPU.ActiveCfg = Debug|Any CPU
		{AD79E1DE-2505-4609-982D-92F724493B43}.Debug|Any CPU.Build.0 = Debug|Any CPU
		{AD79E1DE-2505-4609-982D-92F724493B43}.Release|Any CPU.ActiveCfg = Release|Any CPU
		{AD79E1DE-2505-4609-982D-92F724493B43}.Release|Any CPU.Build.0 = Release|Any CPU
	EndGlobalSection
	GlobalSection(SolutionProperties) = preSolution
		HideSolutionNode = FALSE
	EndGlobalSection
	GlobalSection(ExtensibilityGlobals) = postSolution
		SolutionGuid = {B32DD4E5-2021-4193-95A0-27736ADD2E8C}
	EndGlobalSection
EndGlobal
